
Microsoft Visual Studio Solution File, Format Version 12.00
# Visual Studio Version 16
VisualStudioVersion = 16.0.29209.62
MinimumVisualStudioVersion = 10.0.40219.1
Project("{FAE04EC0-301F-11D3-BF4B-00C04F79EFBC}") = "PDCA_ASPX", "PDCA_ASPX\PDCA_ASPX.csproj", "{FDF6B16F-7C98-4420-83E4-917912F0A40A}"
EndProject
Global
	GlobalSection(SolutionConfigurationPlatforms) = preSolution
		Debug|Any CPU = Debug|Any CPU
		Release|Any CPU = Release|Any CPU
	EndGlobalSection
	GlobalSection(ProjectConfigurationPlatforms) = postSolution
		{FDF6B16F-7C98-4420-83E4-917912F0A40A}.Debug|Any CPU.ActiveCfg = Debug|Any CPU
		{FDF6B16F-7C98-4420-83E4-917912F0A40A}.Debug|Any CPU.Build.0 = Debug|Any CPU
		{FDF6B16F-7C98-4420-83E4-917912F0A40A}.Release|Any CPU.ActiveCfg = Release|Any CPU
		{FDF6B16F-7C98-4420-83E4-917912F0A40A}.Release|Any CPU.Build.0 = Release|Any CPU
	EndGlobalSection
	GlobalSection(SolutionProperties) = preSolution
		HideSolutionNode = FALSE
	EndGlobalSection
	GlobalSection(ExtensibilityGlobals) = postSolution
		SolutionGuid = {7AE375CE-6B5A-4E7A-9223-CAD198F5F72C}
	EndGlobalSection
EndGlobal
